// !$*UTF8*$!
{
	archiveVersion = 1;
	classes = {
	};
	objectVersion = 46;
	objects = {
/* Begin PBXBuildFile section */
		0207DA581B56EA530066E2B4 /* Images.xcassets in Resources */ = {isa = PBXBuildFile; fileRef = 0207DA571B56EA530066E2B4 /* Images.xcassets */; };
		1A58CB0ED75A4096BC1435C0 /* CDVNotification.bundle in Resources */ = {isa = PBXBuildFile; fileRef = 2925D518D3594E8F86E2D271 /* CDVNotification.bundle */; };
		1D3623260D0F684500981E51 /* AppDelegate.m in Sources */ = {isa = PBXBuildFile; fileRef = 1D3623250D0F684500981E51 /* AppDelegate.m */; };
		1D60589B0D05DD56006BFB54 /* main.m in Sources */ = {isa = PBXBuildFile; fileRef = 29B97316FDCFA39411CA2CEA /* main.m */; };
		1E8DCA1818374902BA708ED2 /* CDVDevice.m in Sources */ = {isa = PBXBuildFile; fileRef = 1788B318A3BA4FECB2E87C9B /* CDVDevice.m */; };
		301BF552109A68D80062928A /* libCordova.a in Frameworks */ = {isa = PBXBuildFile; fileRef = 301BF535109A57CC0062928A /* libCordova.a */; };
		302D95F114D2391D003F00A1 /* MainViewController.m in Sources */ = {isa = PBXBuildFile; fileRef = 302D95EF14D2391D003F00A1 /* MainViewController.m */; };
		302D95F214D2391D003F00A1 /* MainViewController.xib in Resources */ = {isa = PBXBuildFile; fileRef = 302D95F014D2391D003F00A1 /* MainViewController.xib */; };
		33920CC95A85450CA431B309 /* CDVFile.m in Sources */ = {isa = PBXBuildFile; fileRef = 4D2AEBDEF640430CB94ECA98 /* CDVFile.m */; };
		359D9796959D4204A3010233 /* AddressBook.framework in Frameworks */ = {isa = PBXBuildFile; fileRef = 45424001243842B1BFE6C0D6 /* AddressBook.framework */; settings = {ATTRIBUTES = (Weak, ); }; };
		3E47FE0CE64F4DED9156E85C /* CDVNotification.m in Sources */ = {isa = PBXBuildFile; fileRef = FBC3A353CA1E4CB6A3D131CC /* CDVNotification.m */; };
		43F31C902D334522B3EBD0B5 /* CDVFileTransfer.m in Sources */ = {isa = PBXBuildFile; fileRef = E1CD56761FED4B7B82D332A3 /* CDVFileTransfer.m */; };
		4495FDFFD33940A984F7AA8F /* SystemConfiguration.framework in Frameworks */ = {isa = PBXBuildFile; fileRef = F75EA4A2FA5B46FF859ABBFC /* SystemConfiguration.framework */; settings = {ATTRIBUTES = (Weak, ); }; };
		48FCFC1CBEB5433AAF283B63 /* CDVCompass.m in Sources */ = {isa = PBXBuildFile; fileRef = 10B30BFF13DF4DCD915AE9D3 /* CDVCompass.m */; };
		497277B5042C4545AC164FF4 /* CDVReachability.m in Sources */ = {isa = PBXBuildFile; fileRef = BCDE5670E12448BAAE4B8EF5 /* CDVReachability.m */; };
		4C26207EC4A343FBAF0CACB4 /* CDVConnection.m in Sources */ = {isa = PBXBuildFile; fileRef = C2BF664F3C034D5598074F38 /* CDVConnection.m */; };
		4D4621B92A1042E2A1518FB1 /* AudioToolbox.framework in Frameworks */ = {isa = PBXBuildFile; fileRef = 9A92050C205C49579FB153D8 /* AudioToolbox.framework */; settings = {ATTRIBUTES = (Weak, ); }; };
		5668CC608E484215991AABE5 /* AVFoundation.framework in Frameworks */ = {isa = PBXBuildFile; fileRef = 16E38490AE7C4CAE86191BC0 /* AVFoundation.framework */; };
		56A13A70B2244B1F959762B3 /* CoreMotion.framework in Frameworks */ = {isa = PBXBuildFile; fileRef = 5914281C742F41C6B9176C6A /* CoreMotion.framework */; };
		57100138C6EA4C9A840CB7F2 /* CDVLogger.m in Sources */ = {isa = PBXBuildFile; fileRef = 1FCBDB6A557E46CCB53C1E5B /* CDVLogger.m */; };
		7195FBE0734C4388885B1B4D /* CDVGlobalization.m in Sources */ = {isa = PBXBuildFile; fileRef = CEEE2C3D4DA64D3E9BC8CC0E /* CDVGlobalization.m */; };
		7780460455784728873EB7C6 /* CDVLocation.m in Sources */ = {isa = PBXBuildFile; fileRef = 668D5AC2275047A2905ED3C6 /* CDVLocation.m */; };
		7ADC06FA6445486CB2217322 /* CDVLocalFilesystem.m in Sources */ = {isa = PBXBuildFile; fileRef = 8905E7FAAB5142C3A2C48CC3 /* CDVLocalFilesystem.m */; };
		81289EB3B5BB45369CEB4100 /* CDVSplashScreen.m in Sources */ = {isa = PBXBuildFile; fileRef = 72F636D5FEE54440B6D0BE6A /* CDVSplashScreen.m */; };
		815084BA58E14195AD81C1D9 /* AddressBookUI.framework in Frameworks */ = {isa = PBXBuildFile; fileRef = 771DB308A3974A30BF69DBFF /* AddressBookUI.framework */; settings = {ATTRIBUTES = (Weak, ); }; };
		86BD262748BD492491CF7F8A /* CoreLocation.framework in Frameworks */ = {isa = PBXBuildFile; fileRef = F2B264302E9D4170A179AE2B /* CoreLocation.framework */; };
		8B858DFE96214D65B1D19FAA /* CDVViewController+SplashScreen.m in Sources */ = {isa = PBXBuildFile; fileRef = 9C38121CEFD74133BDA2E62F /* CDVViewController+SplashScreen.m */; };
		93386CC3A8C14CDC826D69F3 /* CDVInAppBrowser.m in Sources */ = {isa = PBXBuildFile; fileRef = 9238D0C2C1494E0BBB224EF8 /* CDVInAppBrowser.m */; };
		98AFB96B69044A9C927C7B1C /* CDVSound.m in Sources */ = {isa = PBXBuildFile; fileRef = 7E9D75300E42432FA236A01E /* CDVSound.m */; };
		AC80B25455BB4DFC8A9401CF /* CoreTelephony.framework in Frameworks */ = {isa = PBXBuildFile; fileRef = 9BA7A828BE0B4EC3B85D16D6 /* CoreTelephony.framework */; };
		B146E69213BD453CBABFCBAE /* ImageIO.framework in Frameworks */ = {isa = PBXBuildFile; fileRef = CD657FA276DD47EB833C3701 /* ImageIO.framework */; settings = {ATTRIBUTES = (Weak, ); }; };
		CA991D2D174B4DF788CB4AE4 /* CDVAssetLibraryFilesystem.m in Sources */ = {isa = PBXBuildFile; fileRef = D9A08A7CDC9349DF99E85C1C /* CDVAssetLibraryFilesystem.m */; };
		DCB0698BAB2F48EF9FCBAAAB /* CDVStatusBar.m in Sources */ = {isa = PBXBuildFile; fileRef = FE3A1E09C7794EC8B9CFD9E5 /* CDVStatusBar.m */; };
		C69E6A63FEF94A7BA107B5F8 /* OneSignal.m in Sources */ = {isa = PBXBuildFile; fileRef = CC9166F0BE774170B2D193F6 /* OneSignal.m */; };
		FAA45118C7E84F74A23066E0 /* OneSignalHTTPClient.m in Sources */ = {isa = PBXBuildFile; fileRef = 7F706960727C42D0971B661D /* OneSignalHTTPClient.m */; };
		D6EF38CEAA364CE4A97CBFBA /* OneSignalTrackIAP.m in Sources */ = {isa = PBXBuildFile; fileRef = 890A3A8009A748BD858F53B7 /* OneSignalTrackIAP.m */; };
		3E2F1E8E29644DD899F4A1E1 /* OneSignalJailbreakDetection.m in Sources */ = {isa = PBXBuildFile; fileRef = 48FF2CE1ED4F4F0CB16A06F1 /* OneSignalJailbreakDetection.m */; };
		13D4FE78E9E943E8BBCC32C1 /* OneSignalPush.m in Sources */ = {isa = PBXBuildFile; fileRef = 2F92652FCEFB4418A1212502 /* OneSignalPush.m */; };
		9FC4444229484911BBB79734 /* OneSignalReachability.m in Sources */ = {isa = PBXBuildFile; fileRef = 152E20283B03470DB989C0DA /* OneSignalReachability.m */; };
		8954593C113F4566838885C6 /* OneSignalMobileProvision.m in Sources */ = {isa = PBXBuildFile; fileRef = 6DE3981DCE1B4B639BB38775 /* OneSignalMobileProvision.m */; };
		4472B0F20665455A9FAE847F /* OneSignalLocation.m in Sources */ = {isa = PBXBuildFile; fileRef = D8F9728EDE9843AB8A44360C /* OneSignalLocation.m */; };
/* End PBXBuildFile section */

/* Begin PBXContainerItemProxy section */
		301BF534109A57CC0062928A /* PBXContainerItemProxy */ = {
			isa = PBXContainerItemProxy;
			containerPortal = 301BF52D109A57CC0062928A /* CordovaLib.xcodeproj */;
			proxyType = 2;
			remoteGlobalIDString = D2AAC07E0554694100DB518D;
			remoteInfo = CordovaLib;
		};
		301BF550109A68C00062928A /* PBXContainerItemProxy */ = {
			isa = PBXContainerItemProxy;
			containerPortal = 301BF52D109A57CC0062928A /* CordovaLib.xcodeproj */;
			proxyType = 1;
			remoteGlobalIDString = D2AAC07D0554694100DB518D;
			remoteInfo = CordovaLib;
		};
/* End PBXContainerItemProxy section */

/* Begin PBXFileReference section */
		0207DA571B56EA530066E2B4 /* Images.xcassets */ = {isa = PBXFileReference; lastKnownFileType = folder.assetcatalog; name = Images.xcassets; path = "Narasimha Vijayam/Images.xcassets"; sourceTree = SOURCE_ROOT; };
		10B30BFF13DF4DCD915AE9D3 /* CDVCompass.m */ = {isa = PBXFileReference; explicitFileType = undefined; fileEncoding = 4; includeInIndex = 0; lastKnownFileType = sourcecode.c.objc; name = CDVCompass.m; path = "cordova-plugin-device-orientation/CDVCompass.m"; sourceTree = "<group>"; };
		1395AFCEEB0D4DA2AAE08AE4 /* CDVLogger.h */ = {isa = PBXFileReference; explicitFileType = undefined; fileEncoding = 4; includeInIndex = 0; lastKnownFileType = sourcecode.c.h; name = CDVLogger.h; path = "cordova-plugin-console/CDVLogger.h"; sourceTree = "<group>"; };
		16E38490AE7C4CAE86191BC0 /* AVFoundation.framework */ = {isa = PBXFileReference; explicitFileType = undefined; fileEncoding = 9; includeInIndex = 0; lastKnownFileType = wrapper.framework; name = AVFoundation.framework; path = System/Library/Frameworks/AVFoundation.framework; sourceTree = SDKROOT; };
		1788B318A3BA4FECB2E87C9B /* CDVDevice.m */ = {isa = PBXFileReference; explicitFileType = undefined; fileEncoding = 4; includeInIndex = 0; lastKnownFileType = sourcecode.c.objc; name = CDVDevice.m; path = "cordova-plugin-device/CDVDevice.m"; sourceTree = "<group>"; };
		1892BDD9783642429D0430CB /* CDVConnection.h */ = {isa = PBXFileReference; explicitFileType = undefined; fileEncoding = 4; includeInIndex = 0; lastKnownFileType = sourcecode.c.h; name = CDVConnection.h; path = "cordova-plugin-network-information/CDVConnection.h"; sourceTree = "<group>"; };
		1D3623240D0F684500981E51 /* AppDelegate.h */ = {isa = PBXFileReference; fileEncoding = 4; lastKnownFileType = sourcecode.c.h; path = AppDelegate.h; sourceTree = "<group>"; };
		1D3623250D0F684500981E51 /* AppDelegate.m */ = {isa = PBXFileReference; fileEncoding = 4; lastKnownFileType = sourcecode.c.objc; path = AppDelegate.m; sourceTree = "<group>"; };
		1D6058910D05DD3D006BFB54 /* Narasimha Vijayam.app */ = {isa = PBXFileReference; explicitFileType = wrapper.application; includeInIndex = 0; path = "Narasimha Vijayam.app"; sourceTree = BUILT_PRODUCTS_DIR; };
		1FCBDB6A557E46CCB53C1E5B /* CDVLogger.m */ = {isa = PBXFileReference; explicitFileType = undefined; fileEncoding = 4; includeInIndex = 0; lastKnownFileType = sourcecode.c.objc; name = CDVLogger.m; path = "cordova-plugin-console/CDVLogger.m"; sourceTree = "<group>"; };
		2925D518D3594E8F86E2D271 /* CDVNotification.bundle */ = {isa = PBXFileReference; explicitFileType = undefined; fileEncoding = 9; includeInIndex = 0; lastKnownFileType = "wrapper.plug-in"; path = CDVNotification.bundle; sourceTree = "<group>"; };
		29B97316FDCFA39411CA2CEA /* main.m */ = {isa = PBXFileReference; fileEncoding = 4; lastKnownFileType = sourcecode.c.objc; path = main.m; sourceTree = "<group>"; };
		301BF52D109A57CC0062928A /* CordovaLib.xcodeproj */ = {isa = PBXFileReference; lastKnownFileType = "wrapper.pb-project"; name = CordovaLib.xcodeproj; path = CordovaLib/CordovaLib.xcodeproj; sourceTree = "<group>"; };
		301BF56E109A69640062928A /* www */ = {isa = PBXFileReference; lastKnownFileType = folder; path = www; sourceTree = SOURCE_ROOT; };
		302D95EE14D2391D003F00A1 /* MainViewController.h */ = {isa = PBXFileReference; fileEncoding = 4; lastKnownFileType = sourcecode.c.h; path = MainViewController.h; sourceTree = "<group>"; };
		302D95EF14D2391D003F00A1 /* MainViewController.m */ = {isa = PBXFileReference; fileEncoding = 4; lastKnownFileType = sourcecode.c.objc; path = MainViewController.m; sourceTree = "<group>"; };
		302D95F014D2391D003F00A1 /* MainViewController.xib */ = {isa = PBXFileReference; fileEncoding = 4; lastKnownFileType = file.xib; path = MainViewController.xib; sourceTree = "<group>"; };
		3047A50F1AB8059700498E2A /* build-debug.xcconfig */ = {isa = PBXFileReference; fileEncoding = 4; lastKnownFileType = text.xcconfig; name = "build-debug.xcconfig"; path = "cordova/build-debug.xcconfig"; sourceTree = SOURCE_ROOT; };
		3047A5101AB8059700498E2A /* build-release.xcconfig */ = {isa = PBXFileReference; fileEncoding = 4; lastKnownFileType = text.xcconfig; name = "build-release.xcconfig"; path = "cordova/build-release.xcconfig"; sourceTree = SOURCE_ROOT; };
		3047A5111AB8059700498E2A /* build.xcconfig */ = {isa = PBXFileReference; fileEncoding = 4; lastKnownFileType = text.xcconfig; name = build.xcconfig; path = cordova/build.xcconfig; sourceTree = SOURCE_ROOT; };
		32CA4F630368D1EE00C91783 /* Narasimha Vijayam-Prefix.pch */ = {isa = PBXFileReference; fileEncoding = 4; lastKnownFileType = sourcecode.c.h; path = "Narasimha Vijayam-Prefix.pch"; sourceTree = "<group>"; };
		43C0F6C38AA149079E4058BF /* CDVReachability.h */ = {isa = PBXFileReference; explicitFileType = undefined; fileEncoding = 4; includeInIndex = 0; lastKnownFileType = sourcecode.c.h; name = CDVReachability.h; path = "cordova-plugin-network-information/CDVReachability.h"; sourceTree = "<group>"; };
		44927B8D6DB842A79209F3F1 /* CDVDevice.h */ = {isa = PBXFileReference; explicitFileType = undefined; fileEncoding = 4; includeInIndex = 0; lastKnownFileType = sourcecode.c.h; name = CDVDevice.h; path = "cordova-plugin-device/CDVDevice.h"; sourceTree = "<group>"; };
		45424001243842B1BFE6C0D6 /* AddressBook.framework */ = {isa = PBXFileReference; explicitFileType = undefined; fileEncoding = 9; includeInIndex = 0; lastKnownFileType = wrapper.framework; name = AddressBook.framework; path = System/Library/Frameworks/AddressBook.framework; sourceTree = SDKROOT; };
		4D2AEBDEF640430CB94ECA98 /* CDVFile.m */ = {isa = PBXFileReference; explicitFileType = undefined; fileEncoding = 4; includeInIndex = 0; lastKnownFileType = sourcecode.c.objc; name = CDVFile.m; path = "cordova-plugin-file/CDVFile.m"; sourceTree = "<group>"; };
		5914281C742F41C6B9176C6A /* CoreMotion.framework */ = {isa = PBXFileReference; explicitFileType = undefined; fileEncoding = 9; includeInIndex = 0; lastKnownFileType = wrapper.framework; name = CoreMotion.framework; path = System/Library/Frameworks/CoreMotion.framework; sourceTree = SDKROOT; };
		668D5AC2275047A2905ED3C6 /* CDVLocation.m */ = {isa = PBXFileReference; explicitFileType = undefined; fileEncoding = 4; includeInIndex = 0; lastKnownFileType = sourcecode.c.objc; name = CDVLocation.m; path = "cordova-plugin-geolocation/CDVLocation.m"; sourceTree = "<group>"; };
		6853FFDF00F541BA90ACF9BF /* CDVLocation.h */ = {isa = PBXFileReference; explicitFileType = undefined; fileEncoding = 4; includeInIndex = 0; lastKnownFileType = sourcecode.c.h; name = CDVLocation.h; path = "cordova-plugin-geolocation/CDVLocation.h"; sourceTree = "<group>"; };
		70121A8EC7D34442A4AAE179 /* CDVStatusBar.h */ = {isa = PBXFileReference; explicitFileType = undefined; fileEncoding = 4; includeInIndex = 0; lastKnownFileType = sourcecode.c.h; name = CDVStatusBar.h; path = "cordova-plugin-statusbar/CDVStatusBar.h"; sourceTree = "<group>"; };
		70914374DDAA4805BDEC0ED7 /* CDVCompass.h */ = {isa = PBXFileReference; explicitFileType = undefined; fileEncoding = 4; includeInIndex = 0; lastKnownFileType = sourcecode.c.h; name = CDVCompass.h; path = "cordova-plugin-device-orientation/CDVCompass.h"; sourceTree = "<group>"; };
		72F636D5FEE54440B6D0BE6A /* CDVSplashScreen.m */ = {isa = PBXFileReference; explicitFileType = undefined; fileEncoding = 4; includeInIndex = 0; lastKnownFileType = sourcecode.c.objc; name = CDVSplashScreen.m; path = "cordova-plugin-splashscreen/CDVSplashScreen.m"; sourceTree = "<group>"; };
		75869FE53CD94DF5BD4D087F /* CDVFile.h */ = {isa = PBXFileReference; explicitFileType = undefined; fileEncoding = 4; includeInIndex = 0; lastKnownFileType = sourcecode.c.h; name = CDVFile.h; path = "cordova-plugin-file/CDVFile.h"; sourceTree = "<group>"; };
		771DB308A3974A30BF69DBFF /* AddressBookUI.framework */ = {isa = PBXFileReference; explicitFileType = undefined; fileEncoding = 9; includeInIndex = 0; lastKnownFileType = wrapper.framework; name = AddressBookUI.framework; path = System/Library/Frameworks/AddressBookUI.framework; sourceTree = SDKROOT; };
		7E9D75300E42432FA236A01E /* CDVSound.m */ = {isa = PBXFileReference; explicitFileType = undefined; fileEncoding = 4; includeInIndex = 0; lastKnownFileType = sourcecode.c.objc; name = CDVSound.m; path = "cordova-plugin-media/CDVSound.m"; sourceTree = "<group>"; };
		8905E7FAAB5142C3A2C48CC3 /* CDVLocalFilesystem.m */ = {isa = PBXFileReference; explicitFileType = undefined; fileEncoding = 4; includeInIndex = 0; lastKnownFileType = sourcecode.c.objc; name = CDVLocalFilesystem.m; path = "cordova-plugin-file/CDVLocalFilesystem.m"; sourceTree = "<group>"; };
		8D1107310486CEB800E47090 /* Narasimha Vijayam-Info.plist */ = {isa = PBXFileReference; fileEncoding = 4; lastKnownFileType = text.plist.xml; name = "Narasimha Vijayam-Info.plist"; path = "Narasimha Vijayam/Narasimha Vijayam-Info.plist"; plistStructureDefinitionIdentifier = "com.apple.xcode.plist.structure-definition.iphone.info-plist"; sourceTree = SOURCE_ROOT; };
		9238D0C2C1494E0BBB224EF8 /* CDVInAppBrowser.m */ = {isa = PBXFileReference; explicitFileType = undefined; fileEncoding = 4; includeInIndex = 0; lastKnownFileType = sourcecode.c.objc; name = CDVInAppBrowser.m; path = "cordova-plugin-inappbrowser/CDVInAppBrowser.m"; sourceTree = "<group>"; };
		94F22A8DB91D46F69098A3EB /* CDVViewController+SplashScreen.h */ = {isa = PBXFileReference; explicitFileType = undefined; fileEncoding = 4; includeInIndex = 0; lastKnownFileType = sourcecode.c.h; name = "CDVViewController+SplashScreen.h"; path = "cordova-plugin-splashscreen/CDVViewController+SplashScreen.h"; sourceTree = "<group>"; };
		9A92050C205C49579FB153D8 /* AudioToolbox.framework */ = {isa = PBXFileReference; explicitFileType = undefined; fileEncoding = 9; includeInIndex = 0; lastKnownFileType = wrapper.framework; name = AudioToolbox.framework; path = System/Library/Frameworks/AudioToolbox.framework; sourceTree = SDKROOT; };
		9BA7A828BE0B4EC3B85D16D6 /* CoreTelephony.framework */ = {isa = PBXFileReference; explicitFileType = undefined; fileEncoding = 9; includeInIndex = 0; lastKnownFileType = wrapper.framework; name = CoreTelephony.framework; path = System/Library/Frameworks/CoreTelephony.framework; sourceTree = SDKROOT; };
		9C38121CEFD74133BDA2E62F /* CDVViewController+SplashScreen.m */ = {isa = PBXFileReference; explicitFileType = undefined; fileEncoding = 4; includeInIndex = 0; lastKnownFileType = sourcecode.c.objc; name = "CDVViewController+SplashScreen.m"; path = "cordova-plugin-splashscreen/CDVViewController+SplashScreen.m"; sourceTree = "<group>"; };
		9CC64EC8B58E41FEBD92022F /* CDVNotification.h */ = {isa = PBXFileReference; explicitFileType = undefined; fileEncoding = 4; includeInIndex = 0; lastKnownFileType = sourcecode.c.h; name = CDVNotification.h; path = "cordova-plugin-dialogs/CDVNotification.h"; sourceTree = "<group>"; };
		A2D144711ED74B15AE74599B /* CDVSplashScreen.h */ = {isa = PBXFileReference; explicitFileType = undefined; fileEncoding = 4; includeInIndex = 0; lastKnownFileType = sourcecode.c.h; name = CDVSplashScreen.h; path = "cordova-plugin-splashscreen/CDVSplashScreen.h"; sourceTree = "<group>"; };
		BCDE5670E12448BAAE4B8EF5 /* CDVReachability.m */ = {isa = PBXFileReference; explicitFileType = undefined; fileEncoding = 4; includeInIndex = 0; lastKnownFileType = sourcecode.c.objc; name = CDVReachability.m; path = "cordova-plugin-network-information/CDVReachability.m"; sourceTree = "<group>"; };
		C28A0C9FA4D545C5BD2D84F2 /* CDVGlobalization.h */ = {isa = PBXFileReference; explicitFileType = undefined; fileEncoding = 4; includeInIndex = 0; lastKnownFileType = sourcecode.c.h; name = CDVGlobalization.h; path = "cordova-plugin-globalization/CDVGlobalization.h"; sourceTree = "<group>"; };
		C2BF664F3C034D5598074F38 /* CDVConnection.m */ = {isa = PBXFileReference; explicitFileType = undefined; fileEncoding = 4; includeInIndex = 0; lastKnownFileType = sourcecode.c.objc; name = CDVConnection.m; path = "cordova-plugin-network-information/CDVConnection.m"; sourceTree = "<group>"; };
		CD657FA276DD47EB833C3701 /* ImageIO.framework */ = {isa = PBXFileReference; explicitFileType = undefined; fileEncoding = 9; includeInIndex = 0; lastKnownFileType = wrapper.framework; name = ImageIO.framework; path = System/Library/Frameworks/ImageIO.framework; sourceTree = SDKROOT; };
		CE1F2F320EBC42F2A276BCDF /* CDVLocalFilesystem.h */ = {isa = PBXFileReference; explicitFileType = undefined; fileEncoding = 4; includeInIndex = 0; lastKnownFileType = sourcecode.c.h; name = CDVLocalFilesystem.h; path = "cordova-plugin-file/CDVLocalFilesystem.h"; sourceTree = "<group>"; };
		CEEE2C3D4DA64D3E9BC8CC0E /* CDVGlobalization.m */ = {isa = PBXFileReference; explicitFileType = undefined; fileEncoding = 4; includeInIndex = 0; lastKnownFileType = sourcecode.c.objc; name = CDVGlobalization.m; path = "cordova-plugin-globalization/CDVGlobalization.m"; sourceTree = "<group>"; };
		D2D2FCA0E8CB48F0BA055E74 /* CDVSound.h */ = {isa = PBXFileReference; explicitFileType = undefined; fileEncoding = 4; includeInIndex = 0; lastKnownFileType = sourcecode.c.h; name = CDVSound.h; path = "cordova-plugin-media/CDVSound.h"; sourceTree = "<group>"; };
		D910E472E0024F9AB315B4FB /* CDVInAppBrowser.h */ = {isa = PBXFileReference; explicitFileType = undefined; fileEncoding = 4; includeInIndex = 0; lastKnownFileType = sourcecode.c.h; name = CDVInAppBrowser.h; path = "cordova-plugin-inappbrowser/CDVInAppBrowser.h"; sourceTree = "<group>"; };
		D9A08A7CDC9349DF99E85C1C /* CDVAssetLibraryFilesystem.m */ = {isa = PBXFileReference; explicitFileType = undefined; fileEncoding = 4; includeInIndex = 0; lastKnownFileType = sourcecode.c.objc; name = CDVAssetLibraryFilesystem.m; path = "cordova-plugin-file/CDVAssetLibraryFilesystem.m"; sourceTree = "<group>"; };
		E1CD56761FED4B7B82D332A3 /* CDVFileTransfer.m */ = {isa = PBXFileReference; explicitFileType = undefined; fileEncoding = 4; includeInIndex = 0; lastKnownFileType = sourcecode.c.objc; name = CDVFileTransfer.m; path = "cordova-plugin-file-transfer/CDVFileTransfer.m"; sourceTree = "<group>"; };
		E89F5990D5BE40A395276AFD /* CDVAssetLibraryFilesystem.h */ = {isa = PBXFileReference; explicitFileType = undefined; fileEncoding = 4; includeInIndex = 0; lastKnownFileType = sourcecode.c.h; name = CDVAssetLibraryFilesystem.h; path = "cordova-plugin-file/CDVAssetLibraryFilesystem.h"; sourceTree = "<group>"; };
		EB87FDF31871DA8E0020F90C /* www */ = {isa = PBXFileReference; lastKnownFileType = folder; name = www; path = ../../www; sourceTree = "<group>"; };
		EB87FDF41871DAF40020F90C /* config.xml */ = {isa = PBXFileReference; lastKnownFileType = text.xml; name = config.xml; path = ../../config.xml; sourceTree = "<group>"; };
		ED33DF2A687741AEAF9F8254 /* Bridging-Header.h */ = {isa = PBXFileReference; fileEncoding = 4; lastKnownFileType = sourcecode.c.h; path = "Bridging-Header.h"; sourceTree = "<group>"; };
		F2B264302E9D4170A179AE2B /* CoreLocation.framework */ = {isa = PBXFileReference; explicitFileType = undefined; fileEncoding = 9; includeInIndex = 0; lastKnownFileType = wrapper.framework; name = CoreLocation.framework; path = System/Library/Frameworks/CoreLocation.framework; sourceTree = SDKROOT; };
		F75EA4A2FA5B46FF859ABBFC /* SystemConfiguration.framework */ = {isa = PBXFileReference; explicitFileType = undefined; fileEncoding = 9; includeInIndex = 0; lastKnownFileType = wrapper.framework; name = SystemConfiguration.framework; path = System/Library/Frameworks/SystemConfiguration.framework; sourceTree = SDKROOT; };
		F840E1F0165FE0F500CFE078 /* config.xml */ = {isa = PBXFileReference; lastKnownFileType = text.xml; name = config.xml; path = "Narasimha Vijayam/config.xml"; sourceTree = "<group>"; };
		F86FAC598F30421B8FBF6FFA /* CDVFileTransfer.h */ = {isa = PBXFileReference; explicitFileType = undefined; fileEncoding = 4; includeInIndex = 0; lastKnownFileType = sourcecode.c.h; name = CDVFileTransfer.h; path = "cordova-plugin-file-transfer/CDVFileTransfer.h"; sourceTree = "<group>"; };
		FBC3A353CA1E4CB6A3D131CC /* CDVNotification.m */ = {isa = PBXFileReference; explicitFileType = undefined; fileEncoding = 4; includeInIndex = 0; lastKnownFileType = sourcecode.c.objc; name = CDVNotification.m; path = "cordova-plugin-dialogs/CDVNotification.m"; sourceTree = "<group>"; };
		FE3A1E09C7794EC8B9CFD9E5 /* CDVStatusBar.m */ = {isa = PBXFileReference; explicitFileType = undefined; fileEncoding = 4; includeInIndex = 0; lastKnownFileType = sourcecode.c.objc; name = CDVStatusBar.m; path = "cordova-plugin-statusbar/CDVStatusBar.m"; sourceTree = "<group>"; };
		CC9166F0BE774170B2D193F6 /* OneSignal.m */ = {isa = PBXFileReference; name = "OneSignal.m"; path = "onesignal-cordova-plugin/OneSignal.m"; sourceTree = "<group>"; fileEncoding = 4; lastKnownFileType = sourcecode.c.objc; explicitFileType = undefined; includeInIndex = 0; };
		7F706960727C42D0971B661D /* OneSignalHTTPClient.m */ = {isa = PBXFileReference; name = "OneSignalHTTPClient.m"; path = "onesignal-cordova-plugin/OneSignalHTTPClient.m"; sourceTree = "<group>"; fileEncoding = 4; lastKnownFileType = sourcecode.c.objc; explicitFileType = undefined; includeInIndex = 0; };
		890A3A8009A748BD858F53B7 /* OneSignalTrackIAP.m */ = {isa = PBXFileReference; name = "OneSignalTrackIAP.m"; path = "onesignal-cordova-plugin/OneSignalTrackIAP.m"; sourceTree = "<group>"; fileEncoding = 4; lastKnownFileType = sourcecode.c.objc; explicitFileType = undefined; includeInIndex = 0; };
		48FF2CE1ED4F4F0CB16A06F1 /* OneSignalJailbreakDetection.m */ = {isa = PBXFileReference; name = "OneSignalJailbreakDetection.m"; path = "onesignal-cordova-plugin/OneSignalJailbreakDetection.m"; sourceTree = "<group>"; fileEncoding = 4; lastKnownFileType = sourcecode.c.objc; explicitFileType = undefined; includeInIndex = 0; };
		2F92652FCEFB4418A1212502 /* OneSignalPush.m */ = {isa = PBXFileReference; name = "OneSignalPush.m"; path = "onesignal-cordova-plugin/OneSignalPush.m"; sourceTree = "<group>"; fileEncoding = 4; lastKnownFileType = sourcecode.c.objc; explicitFileType = undefined; includeInIndex = 0; };
		152E20283B03470DB989C0DA /* OneSignalReachability.m */ = {isa = PBXFileReference; name = "OneSignalReachability.m"; path = "onesignal-cordova-plugin/OneSignalReachability.m"; sourceTree = "<group>"; fileEncoding = 4; lastKnownFileType = sourcecode.c.objc; explicitFileType = undefined; includeInIndex = 0; };
		6DE3981DCE1B4B639BB38775 /* OneSignalMobileProvision.m */ = {isa = PBXFileReference; name = "OneSignalMobileProvision.m"; path = "onesignal-cordova-plugin/OneSignalMobileProvision.m"; sourceTree = "<group>"; fileEncoding = 4; lastKnownFileType = sourcecode.c.objc; explicitFileType = undefined; includeInIndex = 0; };
		D8F9728EDE9843AB8A44360C /* OneSignalLocation.m */ = {isa = PBXFileReference; name = "OneSignalLocation.m"; path = "onesignal-cordova-plugin/OneSignalLocation.m"; sourceTree = "<group>"; fileEncoding = 4; lastKnownFileType = sourcecode.c.objc; explicitFileType = undefined; includeInIndex = 0; };
		D2953178C0F2469288AB8EFC /* OneSignal.h */ = {isa = PBXFileReference; name = "OneSignal.h"; path = "onesignal-cordova-plugin/OneSignal.h"; sourceTree = "<group>"; fileEncoding = 4; lastKnownFileType = sourcecode.c.h; explicitFileType = undefined; includeInIndex = 0; };
		01652CFA3177428BBBEFF573 /* OneSignalHTTPClient.h */ = {isa = PBXFileReference; name = "OneSignalHTTPClient.h"; path = "onesignal-cordova-plugin/OneSignalHTTPClient.h"; sourceTree = "<group>"; fileEncoding = 4; lastKnownFileType = sourcecode.c.h; explicitFileType = undefined; includeInIndex = 0; };
		2D17BD960EE24DC3A92BB167 /* OneSignalTrackIAP.h */ = {isa = PBXFileReference; name = "OneSignalTrackIAP.h"; path = "onesignal-cordova-plugin/OneSignalTrackIAP.h"; sourceTree = "<group>"; fileEncoding = 4; lastKnownFileType = sourcecode.c.h; explicitFileType = undefined; includeInIndex = 0; };
		8930C7DDCFE2485EBC4EE8D4 /* OneSignalJailbreakDetection.h */ = {isa = PBXFileReference; name = "OneSignalJailbreakDetection.h"; path = "onesignal-cordova-plugin/OneSignalJailbreakDetection.h"; sourceTree = "<group>"; fileEncoding = 4; lastKnownFileType = sourcecode.c.h; explicitFileType = undefined; includeInIndex = 0; };
		C06AFC41E3084E0983161735 /* OneSignalPush.h */ = {isa = PBXFileReference; name = "OneSignalPush.h"; path = "onesignal-cordova-plugin/OneSignalPush.h"; sourceTree = "<group>"; fileEncoding = 4; lastKnownFileType = sourcecode.c.h; explicitFileType = undefined; includeInIndex = 0; };
		C9F53998F51442BBBB605BA9 /* OneSignalReachability.h */ = {isa = PBXFileReference; name = "OneSignalReachability.h"; path = "onesignal-cordova-plugin/OneSignalReachability.h"; sourceTree = "<group>"; fileEncoding = 4; lastKnownFileType = sourcecode.c.h; explicitFileType = undefined; includeInIndex = 0; };
		11EC9AE0BC9448FBB0D93A4D /* OneSignalMobileProvision.h */ = {isa = PBXFileReference; name = "OneSignalMobileProvision.h"; path = "onesignal-cordova-plugin/OneSignalMobileProvision.h"; sourceTree = "<group>"; fileEncoding = 4; lastKnownFileType = sourcecode.c.h; explicitFileType = undefined; includeInIndex = 0; };
		F1A01419E48B4E5596B356F0 /* OneSignalLocation.h */ = {isa = PBXFileReference; name = "OneSignalLocation.h"; path = "onesignal-cordova-plugin/OneSignalLocation.h"; sourceTree = "<group>"; fileEncoding = 4; lastKnownFileType = sourcecode.c.h; explicitFileType = undefined; includeInIndex = 0; };
/* End PBXFileReference section */

/* Begin PBXFrameworksBuildPhase section */
		1D60588F0D05DD3D006BFB54 /* Frameworks */ = {
			isa = PBXFrameworksBuildPhase;
			buildActionMask = 2147483647;
			files = (
				301BF552109A68D80062928A /* libCordova.a in Frameworks */,
				B146E69213BD453CBABFCBAE /* ImageIO.framework in Frameworks */,
				86BD262748BD492491CF7F8A /* CoreLocation.framework in Frameworks */,
				5668CC608E484215991AABE5 /* AVFoundation.framework in Frameworks */,
				359D9796959D4204A3010233 /* AddressBook.framework in Frameworks */,
				815084BA58E14195AD81C1D9 /* AddressBookUI.framework in Frameworks */,
				56A13A70B2244B1F959762B3 /* CoreMotion.framework in Frameworks */,
				4D4621B92A1042E2A1518FB1 /* AudioToolbox.framework in Frameworks */,
				4495FDFFD33940A984F7AA8F /* SystemConfiguration.framework in Frameworks */,
				AC80B25455BB4DFC8A9401CF /* CoreTelephony.framework in Frameworks */,
			);
			runOnlyForDeploymentPostprocessing = 0;
		};
/* End PBXFrameworksBuildPhase section */

/* Begin PBXGroup section */
		080E96DDFE201D6D7F000001 /* Classes */ = {
			isa = PBXGroup;
			children = (
				302D95EE14D2391D003F00A1 /* MainViewController.h */,
				302D95EF14D2391D003F00A1 /* MainViewController.m */,
				302D95F014D2391D003F00A1 /* MainViewController.xib */,
				1D3623240D0F684500981E51 /* AppDelegate.h */,
				1D3623250D0F684500981E51 /* AppDelegate.m */,
			);
			name = Classes;
			path = "Narasimha Vijayam/Classes";
			sourceTree = SOURCE_ROOT;
		};
		19C28FACFE9D520D11CA2CBB /* Products */ = {
			isa = PBXGroup;
			children = (
				1D6058910D05DD3D006BFB54 /* Narasimha Vijayam.app */,
			);
			name = Products;
			sourceTree = "<group>";
		};
		29B97314FDCFA39411CA2CEA /* CustomTemplate */ = {
			isa = PBXGroup;
			children = (
				EB87FDF41871DAF40020F90C /* config.xml */,
				EB87FDF31871DA8E0020F90C /* www */,
				EB87FDF11871DA420020F90C /* Staging */,
				301BF52D109A57CC0062928A /* CordovaLib.xcodeproj */,
				080E96DDFE201D6D7F000001 /* Classes */,
				307C750510C5A3420062BCA9 /* Plugins */,
				29B97315FDCFA39411CA2CEA /* Other Sources */,
				29B97317FDCFA39411CA2CEA /* Resources */,
				29B97323FDCFA39411CA2CEA /* Frameworks */,
				19C28FACFE9D520D11CA2CBB /* Products */,
			);
			name = CustomTemplate;
			sourceTree = "<group>";
		};
		29B97315FDCFA39411CA2CEA /* Other Sources */ = {
			isa = PBXGroup;
			children = (
				32CA4F630368D1EE00C91783 /* Narasimha Vijayam-Prefix.pch */,
				29B97316FDCFA39411CA2CEA /* main.m */,
				ED33DF2A687741AEAF9F8254 /* Bridging-Header.h */,
			);
			name = "Other Sources";
			path = "Narasimha Vijayam";
			sourceTree = "<group>";
		};
		29B97317FDCFA39411CA2CEA /* Resources */ = {
			isa = PBXGroup;
			children = (
				0207DA571B56EA530066E2B4 /* Images.xcassets */,
				3047A50E1AB8057F00498E2A /* config */,
				8D1107310486CEB800E47090 /* Narasimha Vijayam-Info.plist */,
				2925D518D3594E8F86E2D271 /* CDVNotification.bundle */,
			);
			name = Resources;
			path = "Narasimha Vijayam/Resources";
			sourceTree = "<group>";
		};
		29B97323FDCFA39411CA2CEA /* Frameworks */ = {
			isa = PBXGroup;
			children = (
				CD657FA276DD47EB833C3701 /* ImageIO.framework */,
				F2B264302E9D4170A179AE2B /* CoreLocation.framework */,
				16E38490AE7C4CAE86191BC0 /* AVFoundation.framework */,
				45424001243842B1BFE6C0D6 /* AddressBook.framework */,
				771DB308A3974A30BF69DBFF /* AddressBookUI.framework */,
				5914281C742F41C6B9176C6A /* CoreMotion.framework */,
				9A92050C205C49579FB153D8 /* AudioToolbox.framework */,
				F75EA4A2FA5B46FF859ABBFC /* SystemConfiguration.framework */,
				9BA7A828BE0B4EC3B85D16D6 /* CoreTelephony.framework */,
			);
			name = Frameworks;
			sourceTree = "<group>";
		};
		301BF52E109A57CC0062928A /* Products */ = {
			isa = PBXGroup;
			children = (
				301BF535109A57CC0062928A /* libCordova.a */,
			);
			name = Products;
			sourceTree = "<group>";
		};
		3047A50E1AB8057F00498E2A /* config */ = {
			isa = PBXGroup;
			children = (
				3047A50F1AB8059700498E2A /* build-debug.xcconfig */,
				3047A5101AB8059700498E2A /* build-release.xcconfig */,
				3047A5111AB8059700498E2A /* build.xcconfig */,
			);
			name = config;
			sourceTree = "<group>";
		};
		307C750510C5A3420062BCA9 /* Plugins */ = {
			isa = PBXGroup;
			children = (
				4D2AEBDEF640430CB94ECA98 /* CDVFile.m */,
				8905E7FAAB5142C3A2C48CC3 /* CDVLocalFilesystem.m */,
				D9A08A7CDC9349DF99E85C1C /* CDVAssetLibraryFilesystem.m */,
				75869FE53CD94DF5BD4D087F /* CDVFile.h */,
				CE1F2F320EBC42F2A276BCDF /* CDVLocalFilesystem.h */,
				E89F5990D5BE40A395276AFD /* CDVAssetLibraryFilesystem.h */,
				1FCBDB6A557E46CCB53C1E5B /* CDVLogger.m */,
				1395AFCEEB0D4DA2AAE08AE4 /* CDVLogger.h */,
				1788B318A3BA4FECB2E87C9B /* CDVDevice.m */,
				44927B8D6DB842A79209F3F1 /* CDVDevice.h */,
				10B30BFF13DF4DCD915AE9D3 /* CDVCompass.m */,
				70914374DDAA4805BDEC0ED7 /* CDVCompass.h */,
				FBC3A353CA1E4CB6A3D131CC /* CDVNotification.m */,
				9CC64EC8B58E41FEBD92022F /* CDVNotification.h */,
				668D5AC2275047A2905ED3C6 /* CDVLocation.m */,
				6853FFDF00F541BA90ACF9BF /* CDVLocation.h */,
				CEEE2C3D4DA64D3E9BC8CC0E /* CDVGlobalization.m */,
				C28A0C9FA4D545C5BD2D84F2 /* CDVGlobalization.h */,
				9238D0C2C1494E0BBB224EF8 /* CDVInAppBrowser.m */,
				D910E472E0024F9AB315B4FB /* CDVInAppBrowser.h */,
				7E9D75300E42432FA236A01E /* CDVSound.m */,
				D2D2FCA0E8CB48F0BA055E74 /* CDVSound.h */,
				C2BF664F3C034D5598074F38 /* CDVConnection.m */,
				BCDE5670E12448BAAE4B8EF5 /* CDVReachability.m */,
				1892BDD9783642429D0430CB /* CDVConnection.h */,
				43C0F6C38AA149079E4058BF /* CDVReachability.h */,
				72F636D5FEE54440B6D0BE6A /* CDVSplashScreen.m */,
				9C38121CEFD74133BDA2E62F /* CDVViewController+SplashScreen.m */,
				A2D144711ED74B15AE74599B /* CDVSplashScreen.h */,
				94F22A8DB91D46F69098A3EB /* CDVViewController+SplashScreen.h */,
				FE3A1E09C7794EC8B9CFD9E5 /* CDVStatusBar.m */,
				70121A8EC7D34442A4AAE179 /* CDVStatusBar.h */,
				E1CD56761FED4B7B82D332A3 /* CDVFileTransfer.m */,
				F86FAC598F30421B8FBF6FFA /* CDVFileTransfer.h */,
				CC9166F0BE774170B2D193F6 /* OneSignal.m */,
				7F706960727C42D0971B661D /* OneSignalHTTPClient.m */,
				890A3A8009A748BD858F53B7 /* OneSignalTrackIAP.m */,
				48FF2CE1ED4F4F0CB16A06F1 /* OneSignalJailbreakDetection.m */,
				2F92652FCEFB4418A1212502 /* OneSignalPush.m */,
				152E20283B03470DB989C0DA /* OneSignalReachability.m */,
				6DE3981DCE1B4B639BB38775 /* OneSignalMobileProvision.m */,
				D8F9728EDE9843AB8A44360C /* OneSignalLocation.m */,
				D2953178C0F2469288AB8EFC /* OneSignal.h */,
				01652CFA3177428BBBEFF573 /* OneSignalHTTPClient.h */,
				2D17BD960EE24DC3A92BB167 /* OneSignalTrackIAP.h */,
				8930C7DDCFE2485EBC4EE8D4 /* OneSignalJailbreakDetection.h */,
				C06AFC41E3084E0983161735 /* OneSignalPush.h */,
				C9F53998F51442BBBB605BA9 /* OneSignalReachability.h */,
				11EC9AE0BC9448FBB0D93A4D /* OneSignalMobileProvision.h */,
				F1A01419E48B4E5596B356F0 /* OneSignalLocation.h */,
			);
			name = Plugins;
			path = "Narasimha Vijayam/Plugins";
			sourceTree = SOURCE_ROOT;
		};
		EB87FDF11871DA420020F90C /* Staging */ = {
			isa = PBXGroup;
			children = (
				F840E1F0165FE0F500CFE078 /* config.xml */,
				301BF56E109A69640062928A /* www */,
			);
			name = Staging;
			sourceTree = "<group>";
		};
/* End PBXGroup section */

/* Begin PBXNativeTarget section */
		1D6058900D05DD3D006BFB54 /* Narasimha Vijayam */ = {
			isa = PBXNativeTarget;
			buildConfigurationList = 1D6058960D05DD3E006BFB54 /* Build configuration list for PBXNativeTarget "Narasimha Vijayam" */;
			buildPhases = (
				304B58A110DAC018002A0835 /* Copy www directory */,
				1D60588D0D05DD3D006BFB54 /* Resources */,
				1D60588E0D05DD3D006BFB54 /* Sources */,
				1D60588F0D05DD3D006BFB54 /* Frameworks */,
			);
			buildRules = (
			);
			dependencies = (
				301BF551109A68C00062928A /* PBXTargetDependency */,
			);
			name = "Narasimha Vijayam";
			productName = "Narasimha Vijayam";
			productReference = 1D6058910D05DD3D006BFB54 /* Narasimha Vijayam.app */;
			productType = "com.apple.product-type.application";
		};
/* End PBXNativeTarget section */

/* Begin PBXProject section */
		29B97313FDCFA39411CA2CEA /* Project object */ = {
			isa = PBXProject;
			attributes = {
				LastUpgradeCheck = 730;
				TargetAttributes = {
					1D6058900D05DD3D006BFB54 = {
						DevelopmentTeam = F3U9WZC6PW;
						SystemCapabilities = {
							com.apple.Push = {
								enabled = 0;
							};
						};
					};
				};
			};
			buildConfigurationList = C01FCF4E08A954540054247B /* Build configuration list for PBXProject "Narasimha Vijayam" */;
			compatibilityVersion = "Xcode 3.2";
			developmentRegion = English;
			hasScannedForEncodings = 1;
			knownRegions = (
				en,
			);
			mainGroup = 29B97314FDCFA39411CA2CEA /* CustomTemplate */;
			projectDirPath = "";
			projectReferences = (
				{
					ProductGroup = 301BF52E109A57CC0062928A /* Products */;
					ProjectRef = 301BF52D109A57CC0062928A /* CordovaLib.xcodeproj */;
				},
			);
			projectRoot = "";
			targets = (
				1D6058900D05DD3D006BFB54 /* Narasimha Vijayam */,
			);
		};
/* End PBXProject section */

/* Begin PBXReferenceProxy section */
		301BF535109A57CC0062928A /* libCordova.a */ = {
			isa = PBXReferenceProxy;
			fileType = archive.ar;
			path = libCordova.a;
			remoteRef = 301BF534109A57CC0062928A /* PBXContainerItemProxy */;
			sourceTree = BUILT_PRODUCTS_DIR;
		};
/* End PBXReferenceProxy section */

/* Begin PBXResourcesBuildPhase section */
		1D60588D0D05DD3D006BFB54 /* Resources */ = {
			isa = PBXResourcesBuildPhase;
			buildActionMask = 2147483647;
			files = (
				302D95F214D2391D003F00A1 /* MainViewController.xib in Resources */,
				0207DA581B56EA530066E2B4 /* Images.xcassets in Resources */,
				1A58CB0ED75A4096BC1435C0 /* CDVNotification.bundle in Resources */,
			);
			runOnlyForDeploymentPostprocessing = 0;
		};
/* End PBXResourcesBuildPhase section */

/* Begin PBXShellScriptBuildPhase section */
		304B58A110DAC018002A0835 /* Copy www directory */ = {
			isa = PBXShellScriptBuildPhase;
			buildActionMask = 2147483647;
			files = (
			);
			inputPaths = (
			);
			name = "Copy www directory";
			outputPaths = (
			);
			runOnlyForDeploymentPostprocessing = 0;
			shellPath = /bin/sh;
			shellScript = "NODEJS_PATH=/usr/local/bin; NVM_NODE_PATH=~/.nvm/versions/node/`nvm version 2>/dev/null`/bin; N_NODE_PATH=`find /usr/local/n/versions/node/* -maxdepth 0 -type d 2>/dev/null | tail -1`/bin; XCODE_NODE_PATH=`xcode-select --print-path`/usr/share/xcs/Node/bin; PATH=$NODEJS_PATH:$NVM_NODE_PATH:$N_NODE_PATH:$XCODE_NODE_PATH:$PATH && node cordova/lib/copy-www-build-step.js";
			showEnvVarsInLog = 0;
		};
/* End PBXShellScriptBuildPhase section */

/* Begin PBXSourcesBuildPhase section */
		1D60588E0D05DD3D006BFB54 /* Sources */ = {
			isa = PBXSourcesBuildPhase;
			buildActionMask = 2147483647;
			files = (
				1D60589B0D05DD56006BFB54 /* main.m in Sources */,
				1D3623260D0F684500981E51 /* AppDelegate.m in Sources */,
				302D95F114D2391D003F00A1 /* MainViewController.m in Sources */,
				33920CC95A85450CA431B309 /* CDVFile.m in Sources */,
				7ADC06FA6445486CB2217322 /* CDVLocalFilesystem.m in Sources */,
				CA991D2D174B4DF788CB4AE4 /* CDVAssetLibraryFilesystem.m in Sources */,
				57100138C6EA4C9A840CB7F2 /* CDVLogger.m in Sources */,
				1E8DCA1818374902BA708ED2 /* CDVDevice.m in Sources */,
				48FCFC1CBEB5433AAF283B63 /* CDVCompass.m in Sources */,
				3E47FE0CE64F4DED9156E85C /* CDVNotification.m in Sources */,
				7780460455784728873EB7C6 /* CDVLocation.m in Sources */,
				7195FBE0734C4388885B1B4D /* CDVGlobalization.m in Sources */,
				93386CC3A8C14CDC826D69F3 /* CDVInAppBrowser.m in Sources */,
				98AFB96B69044A9C927C7B1C /* CDVSound.m in Sources */,
				4C26207EC4A343FBAF0CACB4 /* CDVConnection.m in Sources */,
				497277B5042C4545AC164FF4 /* CDVReachability.m in Sources */,
				81289EB3B5BB45369CEB4100 /* CDVSplashScreen.m in Sources */,
				8B858DFE96214D65B1D19FAA /* CDVViewController+SplashScreen.m in Sources */,
				DCB0698BAB2F48EF9FCBAAAB /* CDVStatusBar.m in Sources */,
				43F31C902D334522B3EBD0B5 /* CDVFileTransfer.m in Sources */,
				C69E6A63FEF94A7BA107B5F8 /* OneSignal.m in Sources */,
				FAA45118C7E84F74A23066E0 /* OneSignalHTTPClient.m in Sources */,
				D6EF38CEAA364CE4A97CBFBA /* OneSignalTrackIAP.m in Sources */,
				3E2F1E8E29644DD899F4A1E1 /* OneSignalJailbreakDetection.m in Sources */,
				13D4FE78E9E943E8BBCC32C1 /* OneSignalPush.m in Sources */,
				9FC4444229484911BBB79734 /* OneSignalReachability.m in Sources */,
				8954593C113F4566838885C6 /* OneSignalMobileProvision.m in Sources */,
				4472B0F20665455A9FAE847F /* OneSignalLocation.m in Sources */,
			);
			runOnlyForDeploymentPostprocessing = 0;
		};
/* End PBXSourcesBuildPhase section */

/* Begin PBXTargetDependency section */
		301BF551109A68C00062928A /* PBXTargetDependency */ = {
			isa = PBXTargetDependency;
			name = CordovaLib;
			targetProxy = 301BF550109A68C00062928A /* PBXContainerItemProxy */;
		};
/* End PBXTargetDependency section */

/* Begin XCBuildConfiguration section */
		1D6058940D05DD3E006BFB54 /* Debug */ = {
			isa = XCBuildConfiguration;
			baseConfigurationReference = 3047A50F1AB8059700498E2A /* build-debug.xcconfig */;
			buildSettings = {
				ALWAYS_SEARCH_USER_PATHS = NO;
				ASSETCATALOG_COMPILER_APPICON_NAME = AppIcon;
				ASSETCATALOG_COMPILER_LAUNCHIMAGE_NAME = LaunchImage;
				CLANG_ENABLE_MODULES = YES;
				CLANG_ENABLE_OBJC_ARC = YES;
				CODE_SIGN_IDENTITY = "iPhone Developer";
				"CODE_SIGN_IDENTITY[sdk=iphoneos*]" = "iPhone Developer";
				COPY_PHASE_STRIP = NO;
				GCC_DYNAMIC_NO_PIC = NO;
				GCC_OPTIMIZATION_LEVEL = 0;
				GCC_PRECOMPILE_PREFIX_HEADER = YES;
				GCC_PREFIX_HEADER = "Narasimha Vijayam/Narasimha Vijayam-Prefix.pch";
				GCC_THUMB_SUPPORT = NO;
				GCC_VERSION = "";
				INFOPLIST_FILE = "Narasimha Vijayam/Narasimha Vijayam-Info.plist";
				LD_RUNPATH_SEARCH_PATHS = "@executable_path/Frameworks";
				PRODUCT_BUNDLE_IDENTIFIER = com.fani.narasimha;
				PRODUCT_NAME = "Narasimha Vijayam";
				PROVISIONING_PROFILE = "";
			};
			name = Debug;
		};
		1D6058950D05DD3E006BFB54 /* Release */ = {
			isa = XCBuildConfiguration;
			baseConfigurationReference = 3047A5101AB8059700498E2A /* build-release.xcconfig */;
			buildSettings = {
				ALWAYS_SEARCH_USER_PATHS = NO;
				ASSETCATALOG_COMPILER_APPICON_NAME = AppIcon;
				ASSETCATALOG_COMPILER_LAUNCHIMAGE_NAME = LaunchImage;
				CLANG_ENABLE_MODULES = YES;
				CLANG_ENABLE_OBJC_ARC = YES;
				CODE_SIGN_IDENTITY = "iPhone Distribution: Fani Kiran (F3U9WZC6PW)";
				"CODE_SIGN_IDENTITY[sdk=iphoneos*]" = "iPhone Distribution: Fani Kiran (F3U9WZC6PW)";
				COPY_PHASE_STRIP = YES;
				GCC_PRECOMPILE_PREFIX_HEADER = YES;
				GCC_PREFIX_HEADER = "Narasimha Vijayam/Narasimha Vijayam-Prefix.pch";
				GCC_THUMB_SUPPORT = NO;
				GCC_VERSION = "";
				INFOPLIST_FILE = "Narasimha Vijayam/Narasimha Vijayam-Info.plist";
				ONLY_ACTIVE_ARCH = YES;
				PRODUCT_BUNDLE_IDENTIFIER = com.fani.narasimha;
				PRODUCT_NAME = "Narasimha Vijayam";
				PROVISIONING_PROFILE = "e7338915-eed4-47d6-8971-2f2b11323024";
			};
			name = Release;
		};
		C01FCF4F08A954540054247B /* Debug */ = {
			isa = XCBuildConfiguration;
			baseConfigurationReference = 3047A5111AB8059700498E2A /* build.xcconfig */;
			buildSettings = {
				CLANG_ENABLE_MODULES = YES;
				CLANG_ENABLE_OBJC_ARC = YES;
				CLANG_WARN_BOOL_CONVERSION = YES;
				CLANG_WARN_CONSTANT_CONVERSION = YES;
				CLANG_WARN_EMPTY_BODY = YES;
				CLANG_WARN_ENUM_CONVERSION = YES;
				CLANG_WARN_INT_CONVERSION = YES;
				CLANG_WARN__DUPLICATE_METHOD_MATCH = YES;
				ENABLE_TESTABILITY = YES;
				GCC_C_LANGUAGE_STANDARD = c99;
				GCC_THUMB_SUPPORT = NO;
				GCC_VERSION = "";
				GCC_WARN_ABOUT_RETURN_TYPE = YES;
				GCC_WARN_UNDECLARED_SELECTOR = YES;
				GCC_WARN_UNINITIALIZED_AUTOS = YES;
				GCC_WARN_UNUSED_FUNCTION = YES;
				GCC_WARN_UNUSED_VARIABLE = YES;
				ONLY_ACTIVE_ARCH = YES;
				SDKROOT = iphoneos;
				SKIP_INSTALL = NO;
			};
			name = Debug;
		};
		C01FCF5008A954540054247B /* Release */ = {
			isa = XCBuildConfiguration;
			baseConfigurationReference = 3047A5111AB8059700498E2A /* build.xcconfig */;
			buildSettings = {
				CLANG_ENABLE_MODULES = YES;
				CLANG_ENABLE_OBJC_ARC = YES;
				CLANG_WARN_BOOL_CONVERSION = YES;
				CLANG_WARN_CONSTANT_CONVERSION = YES;
				CLANG_WARN_EMPTY_BODY = YES;
				CLANG_WARN_ENUM_CONVERSION = YES;
				CLANG_WARN_INT_CONVERSION = YES;
				CLANG_WARN__DUPLICATE_METHOD_MATCH = YES;
				CODE_SIGN_IDENTITY = "iPhone Distribution";
				GCC_C_LANGUAGE_STANDARD = c99;
				GCC_THUMB_SUPPORT = NO;
				GCC_VERSION = "";
				GCC_WARN_ABOUT_RETURN_TYPE = YES;
				GCC_WARN_UNDECLARED_SELECTOR = YES;
				GCC_WARN_UNINITIALIZED_AUTOS = YES;
				GCC_WARN_UNUSED_FUNCTION = YES;
				GCC_WARN_UNUSED_VARIABLE = YES;
				ONLY_ACTIVE_ARCH = NO;
				SDKROOT = iphoneos;
				SKIP_INSTALL = NO;
			};
			name = Release;
		};
/* End XCBuildConfiguration section */

/* Begin XCConfigurationList section */
		1D6058960D05DD3E006BFB54 /* Build configuration list for PBXNativeTarget "Narasimha Vijayam" */ = {
			isa = XCConfigurationList;
			buildConfigurations = (
				1D6058940D05DD3E006BFB54 /* Debug */,
				1D6058950D05DD3E006BFB54 /* Release */,
			);
			defaultConfigurationIsVisible = 0;
			defaultConfigurationName = Release;
		};
		C01FCF4E08A954540054247B /* Build configuration list for PBXProject "Narasimha Vijayam" */ = {
			isa = XCConfigurationList;
			buildConfigurations = (
				C01FCF4F08A954540054247B /* Debug */,
				C01FCF5008A954540054247B /* Release */,
			);
			defaultConfigurationIsVisible = 0;
			defaultConfigurationName = Release;
		};
/* End XCConfigurationList section */
	};
	rootObject = 29B97313FDCFA39411CA2CEA /* Project object */;
}
